<?xml version="1.0" encoding="utf-8"?>
<Project ToolsVersion="4.0" xmlns="http://schemas.microsoft.com/developer/msbuild/2003">
  <ItemGroup>
    <Filter Include="Source Files">
      <UniqueIdentifier>{4C5E2899-6FA3-4FBC-988C-0D3F93E59C2D}</UniqueIdentifier>
      <Extensions>cpp;c;cc;cxx;c++;def;odl;idl;hpj;bat;asm;asmx</Extensions>
    </Filter>
    <Filter Include="Header Files">
      <UniqueIdentifier>{09F4CEEA-0F65-4B84-9039-625F59BB9856}</UniqueIdentifier>
      <Extensions>h;hh;hpp;hxx;h++;hm;inl;inc;ipp;xsd</Extensions>
    </Filter>
    <Filter Include="Resource Files">
      <UniqueIdentifier>{53B5B65A-8071-4B1A-AF1D-09B83175E98F}</UniqueIdentifier>
      <Extensions>rc;ico;cur;bmp;dlg;rc2;rct;bin;rgs;gif;jpg;jpeg;jpe;resx;tiff;tif;png;wav;mfcribbon-ms</Extensions>
    </Filter>
  </ItemGroup>
  <ItemGroup>
    <ResourceCompile Include="ProjectRaceman.rc">
      <Filter>Resource Files</Filter>
    </ResourceCompile>
  </ItemGroup>
  <ItemGroup>
    <Image Include="editor-assets\icons\RaceMan_icon.ico">
      <Filter>Resource Files</Filter>
    </Image>
    <Image Include="editor-assets\icons\RaceMan_icon.png">
      <Filter>Resource Files</Filter>
    </Image>
  </ItemGroup>
  <ItemGroup>
    <ClInclude Include="src\Application.h">
      <Filter>Header Files</Filter>
    </ClInclude>
    <ClInclude Include="resource.h">
      <Filter>Resource Files</Filter>
    </ClInclude>
    <ClInclude Include="src\build\BuildSystem.h">
      <Filter>Header Files</Filter>
    </ClInclude>
    <ClInclude Include="src\input\InputManager.h">
      <Filter>Header Files</Filter>
    </ClInclude>
    <ClInclude Include="src\physics\PhysicsLayer.h">
      <Filter>Header Files</Filter>
    </ClInclude>
    <ClInclude Include="src\physics\PhysicsWorld.h">
      <Filter>Header Files</Filter>
    </ClInclude>
    <ClInclude Include="src\ui\DebugUI.h">
      <Filter>Header Files</Filter>
    </ClInclude>
    <ClInclude Include="..\includes\imgui\backends\imgui_impl_opengl3_loader.h">
      <Filter>Header Files</Filter>
    </ClInclude>
    <ClInclude Include="src\physics\VehiclePhysics.h">
      <Filter>Header Files</Filter>
    </ClInclude>
    <ClInclude Include="src\physics\SimpleJson.h">
      <Filter>Header Files</Filter>
    </ClInclude>
    <ClInclude Include="src\audio\AudioManager.h">
      <Filter>Header Files</Filter>
    </ClInclude>
    <ClInclude Include="src\audio\VehicleSoundProfile.h">
      <Filter>Header Files</Filter>
    </ClInclude>
    <ClInclude Include="src\physics\VehicleConfig.h">
      <Filter>Header Files</Filter>
    </ClInclude>
    <ClInclude Include="src\physics\MathTypes.h">
      <Filter>Header Files</Filter>
    </ClInclude>
    <ClInclude Include="src\rendering\Renderer.h">
      <Filter>Header Files</Filter>
    </ClInclude>
    <ClInclude Include="src\rendering\mesh.h">
      <Filter>Header Files</Filter>
    </ClInclude>
    <ClInclude Include="src\rendering\model.h">
      <Filter>Header Files</Filter>
    </ClInclude>
    <ClInclude Include="src\rendering\shader.h">
      <Filter>Header Files</Filter>
    </ClInclude>
    <ClInclude Include="src\rendering\Skybox.h">
      <Filter>Header Files</Filter>
    </ClInclude>
    <ClInclude Include="src\rendering\SkyboxController.h">
      <Filter>Header Files</Filter>
    </ClInclude>
    <ClInclude Include="src\ui\MenuController.h">
      <Filter>Header Files</Filter>
    </ClInclude>
    <ClInclude Include="src\ui\SceneEditor.h">
      <Filter>Header Files</Filter>
    </ClInclude>
    <ClInclude Include="src\ui\SceneEditorInternal.h">
      <Filter>Header Files</Filter>
    </ClInclude>
    <ClInclude Include="assets\mesh\plane.h">
      <Filter>Header Files</Filter>
    </ClInclude>
    <ClInclude Include="src\ui\Console.h">
      <Filter>Header Files</Filter>
    </ClInclude>
    <ClInclude Include="src\rendering\PrimitivePlane.h">
      <Filter>Header Files</Filter>
    </ClInclude>
    <ClInclude Include="src\ui\ObjImport.h">
      <Filter>Header Files</Filter>
    </ClInclude>
    <ClInclude Include="src\rendering\Material.h">
      <Filter>Header Files</Filter>
    </ClInclude>
    <ClInclude Include="src\rendering\ShaderRegistry.h">
      <Filter>Header Files</Filter>
    </ClInclude>
    <ClInclude Include="src\scripting\ObjectScript.h">
      <Filter>Header Files</Filter>
    </ClInclude>
    <ClInclude Include="src\scripting\ScriptRegistry.h">
      <Filter>Header Files</Filter>
    </ClInclude>
    <ClInclude Include="editor-assets\third_party\ImGuizmo\ImGuizmo.h">
      <Filter>Header Files</Filter>
    </ClInclude>
    <ClInclude Include="editor-assets\third_party\imnodes\imnodes.h">
      <Filter>Header Files</Filter>
    </ClInclude>
  </ItemGroup>
  <ItemGroup>
    <ClCompile Include="src\Application.cpp">
      <Filter>Source Files</Filter>
    </ClCompile>
    <ClCompile Include="src\build\BuildSystem.cpp">
      <Filter>Source Files</Filter>
    </ClCompile>
    <ClCompile Include="src\Main.cpp">
      <Filter>Source Files</Filter>
    </ClCompile>
    <ClCompile Include="src\input\InputManager.cpp">
      <Filter>Source Files</Filter>
    </ClCompile>
    <ClCompile Include="src\physics\PhysicsLayer.cpp">
      <Filter>Source Files</Filter>
    </ClCompile>
    <ClCompile Include="src\physics\PhysicsWorld.cpp">
      <Filter>Source Files</Filter>
    </ClCompile>
    <ClCompile Include="src\ui\DebugUI.cpp">
      <Filter>Source Files</Filter>
    </ClCompile>
    <ClCompile Include="..\includes\imgui\backends\imgui_impl_glfw.cpp">
      <Filter>Source Files</Filter>
    </ClCompile>
    <ClCompile Include="..\includes\imgui\backends\imgui_impl_opengl3.cpp">
      <Filter>Source Files</Filter>
    </ClCompile>
    <ClCompile Include="..\includes\imgui\imgui.cpp">
      <Filter>Source Files</Filter>
    </ClCompile>
    <ClCompile Include="..\includes\imgui\imgui_demo.cpp">
      <Filter>Source Files</Filter>
    </ClCompile>
    <ClCompile Include="..\includes\imgui\imgui_draw.cpp">
      <Filter>Source Files</Filter>
    </ClCompile>
    <ClCompile Include="..\includes\imgui\imgui_tables.cpp">
      <Filter>Source Files</Filter>
    </ClCompile>
    <ClCompile Include="..\includes\imgui\imgui_widgets.cpp">
      <Filter>Source Files</Filter>
    </ClCompile>
    <ClCompile Include="src\glad.c">
      <Filter>Source Files</Filter>
    </ClCompile>
    <ClCompile Include="src\audio\AudioManager.cpp">
      <Filter>Source Files</Filter>
    </ClCompile>
    <ClCompile Include="src\audio\VehicleSoundProfile.cpp">
      <Filter>Source Files</Filter>
    </ClCompile>
    <ClCompile Include="src\physics\VehicleConfig.cpp">
      <Filter>Source Files</Filter>
    </ClCompile>
    <ClCompile Include="src\physics\VehiclePhysics.cpp">
      <Filter>Source Files</Filter>
    </ClCompile>
    <ClCompile Include="src\rendering\Renderer.cpp">
      <Filter>Source Files</Filter>
    </ClCompile>
    <ClCompile Include="src\rendering\Skybox.cpp">
      <Filter>Source Files</Filter>
    </ClCompile>
    <ClCompile Include="src\rendering\SkyboxController.cpp">
      <Filter>Source Files</Filter>
    </ClCompile>
    <ClCompile Include="src\ui\MenuController.cpp">
      <Filter>Source Files</Filter>
    </ClCompile>
    <ClCompile Include="src\ui\ProjectLauncher.cpp">
      <Filter>Source Files</Filter>
    </ClCompile>
    <ClCompile Include="src\ui\SceneEditor.cpp">
      <Filter>Source Files</Filter>
    </ClCompile>
    <ClCompile Include="src\ui\SceneEditorRuntime.cpp">
      <Filter>Source Files</Filter>
    </ClCompile>
    <ClCompile Include="src\ui\SceneEditorPersistence.cpp">
      <Filter>Source Files</Filter>
    </ClCompile>
    <ClCompile Include="src\ui\SceneEditorGizmo.cpp">
      <Filter>Source Files</Filter>
    </ClCompile>
    <ClCompile Include="src\ui\SceneEditorHierarchy.cpp">
      <Filter>Source Files</Filter>
    </ClCompile>
    <ClCompile Include="src\ui\SceneEditorInspector.cpp">
      <Filter>Source Files</Filter>
    </ClCompile>
    <ClCompile Include="src\ui\SceneEditorProject.cpp">
      <Filter>Source Files</Filter>
    </ClCompile>
    <ClCompile Include="src\ui\Console.cpp">
      <Filter>Source Files</Filter>
    </ClCompile>
    <ClCompile Include="src\ui\ObjImport.cpp">
      <Filter>Source Files</Filter>
    </ClCompile>
    <ClCompile Include="editor-assets\third_party\ImGuizmo\ImGuizmo.cpp">
      <Filter>Source Files</Filter>
    </ClCompile>
    <ClCompile Include="src\rendering\Material.cpp">
      <Filter>Source Files</Filter>
    </ClCompile>
    <ClCompile Include="src\rendering\ShaderRegistry.cpp">
      <Filter>Source Files</Filter>
    </ClCompile>
    <ClCompile Include="src\scripting\ObjectScript.cpp">
      <Filter>Source Files</Filter>
    </ClCompile>
    <ClCompile Include="src\scripting\ScriptRegistry.cpp">
      <Filter>Source Files</Filter>
    </ClCompile>
    <ClCompile Include="src\ui\SceneEditorShaderGraph.cpp">
      <Filter>Source Files</Filter>
    </ClCompile>
    <ClCompile Include="editor-assets\third_party\imnodes\imnodes.cpp">
      <Filter>Source Files</Filter>
    </ClCompile>
  </ItemGroup>
  <ItemGroup>
    <None Include="src\assimp-vc140-mt.dll" />
    <None Include="src\ikpMP3.dll" />
    <None Include="src\irrKlang.dll" />
    <None Include="ikpMP3.dll" />
    <None Include="imgui.ini" />
    <None Include="assimp-vc140-mt.dll" />
    <None Include="irrKlang.dll" />
    <None Include="src\shaders\text.fs" />
    <None Include="src\shaders\text.vs" />
    <None Include="src\shaders\UIShader.fs" />
    <None Include="src\shaders\UIShader.vs" />
    <None Include="src\shaders\shadow\shadow_dept.vs" />
    <None Include="src\shaders\shadow\shadow_dept.fs" />
    <None Include="src\shaders\PBR\background.fs" />
    <None Include="src\shaders\PBR\background.vs" />
    <None Include="src\shaders\PBR\brdf.fs" />
    <None Include="src\shaders\PBR\brdf.vs" />
    <None Include="src\shaders\PBR\cubemap.vs" />
    <None Include="src\shaders\PBR\equirectangular_to_cubemap.fs" />
    <None Include="src\shaders\PBR\irradiance_convolution.fs" />
    <None Include="src\shaders\PBR\pbr.fs" />
    <None Include="src\shaders\PBR\pbr.vs" />
    <None Include="src\shaders\PBR\prefilter.fs" />
    <None Include="src\shaders\model\model_loading.fs" />
    <None Include="src\shaders\model\model_loading.vs" />
    <None Include="src\shaders\diffuse lighting\light_cube.fs" />
    <None Include="src\shaders\diffuse lighting\light_cube.vs" />
    <None Include="src\shaders\diffuse lighting\lighting_shader.fs" />
    <None Include="src\shaders\diffuse lighting\lighting_shader.vs" />
    <None Include="src\dlls\assimp-vc143-mt.dll" />
    <None Include="src\dlls\ikpMP3.dll" />
    <None Include="src\dlls\irrKlang.dll" />
    <None Include="src\shaders\default\default.vs" />
    <None Include="src\shaders\default\pbr.fs" />
    <None Include="src\shaders\default\unlit.fs" />
    <None Include="src\shaders\default\transparent.fs" />
    <None Include="src\shaders\default\emissive.fs" />
    <None Include="src\shaders\default\normal_debug.fs" />
    <None Include="src\shaders\default\vertex_color.fs" />
  </ItemGroup>
</Project>
